// !$*UTF8*$!
{
	archiveVersion = 1;
	classes = {
	};
	objectVersion = 46;
	objects = {

/* Begin PBXBuildFile section */
		C0D0700E1C2D557F00D30D20 /* main.m in Sources */ = {isa = PBXBuildFile; fileRef = C0D0700D1C2D557F00D30D20 /* main.m */; };
		C0D070111C2D557F00D30D20 /* AppDelegate.m in Sources */ = {isa = PBXBuildFile; fileRef = C0D070101C2D557F00D30D20 /* AppDelegate.m */; };
		C0D070141C2D557F00D30D20 /* ViewController.m in Sources */ = {isa = PBXBuildFile; fileRef = C0D070131C2D557F00D30D20 /* ViewController.m */; };
		C0D070171C2D557F00D30D20 /* Main.storyboard in Resources */ = {isa = PBXBuildFile; fileRef = C0D070151C2D557F00D30D20 /* Main.storyboard */; };
		C0D070191C2D557F00D30D20 /* Assets.xcassets in Resources */ = {isa = PBXBuildFile; fileRef = C0D070181C2D557F00D30D20 /* Assets.xcassets */; };
		C0D0701C1C2D557F00D30D20 /* LaunchScreen.storyboard in Resources */ = {isa = PBXBuildFile; fileRef = C0D0701A1C2D557F00D30D20 /* LaunchScreen.storyboard */; };
		C0D070251C2D55EA00D30D20 /* FirstPerson.m in Sources */ = {isa = PBXBuildFile; fileRef = C0D070241C2D55EA00D30D20 /* FirstPerson.m */; };
		C0D070281C2D578800D30D20 /* SecondPerson.m in Sources */ = {isa = PBXBuildFile; fileRef = C0D070271C2D578800D30D20 /* SecondPerson.m */; };
		C0D0702B1C2D738700D30D20 /* ThreePerson.m in Sources */ = {isa = PBXBuildFile; fileRef = C0D0702A1C2D738700D30D20 /* ThreePerson.m */; };
/* End PBXBuildFile section */

/* Begin PBXFileReference section */
		C0D070091C2D557F00D30D20 /* first.app */ = {isa = PBXFileReference; explicitFileType = wrapper.application; includeInIndex = 0; path = first.app; sourceTree = BUILT_PRODUCTS_DIR; };
		C0D0700D1C2D557F00D30D20 /* main.m */ = {isa = PBXFileReference; lastKnownFileType = sourcecode.c.objc; path = main.m; sourceTree = "<group>"; };
		C0D0700F1C2D557F00D30D20 /* AppDelegate.h */ = {isa = PBXFileReference; lastKnownFileType = sourcecode.c.h; path = AppDelegate.h; sourceTree = "<group>"; };
		C0D070101C2D557F00D30D20 /* AppDelegate.m */ = {isa = PBXFileReference; lastKnownFileType = sourcecode.c.objc; path = AppDelegate.m; sourceTree = "<group>"; };
		C0D070121C2D557F00D30D20 /* ViewController.h */ = {isa = PBXFileReference; lastKnownFileType = sourcecode.c.h; path = ViewController.h; sourceTree = "<group>"; };
		C0D070131C2D557F00D30D20 /* ViewController.m */ = {isa = PBXFileReference; lastKnownFileType = sourcecode.c.objc; path = ViewController.m; sourceTree = "<group>"; };
		C0D070161C2D557F00D30D20 /* Base */ = {isa = PBXFileReference; lastKnownFileType = file.storyboard; name = Base; path = Base.lproj/Main.storyboard; sourceTree = "<group>"; };
		C0D070181C2D557F00D30D20 /* Assets.xcassets */ = {isa = PBXFileReference; lastKnownFileType = folder.assetcatalog; path = Assets.xcassets; sourceTree = "<group>"; };
		C0D0701B1C2D557F00D30D20 /* Base */ = {isa = PBXFileReference; lastKnownFileType = file.storyboard; name = Base; path = Base.lproj/LaunchScreen.storyboard; sourceTree = "<group>"; };
		C0D0701D1C2D557F00D30D20 /* Info.plist */ = {isa = PBXFileReference; lastKnownFileType = text.plist.xml; path = Info.plist; sourceTree = "<group>"; };
		C0D070231C2D55EA00D30D20 /* FirstPerson.h */ = {isa = PBXFileReference; fileEncoding = 4; lastKnownFileType = sourcecode.c.h; path = FirstPerson.h; sourceTree = "<group>"; };
		C0D070241C2D55EA00D30D20 /* FirstPerson.m */ = {isa = PBXFileReference; fileEncoding = 4; lastKnownFileType = sourcecode.c.objc; path = FirstPerson.m; sourceTree = "<group>"; };
		C0D070261C2D578800D30D20 /* SecondPerson.h */ = {isa = PBXFileReference; fileEncoding = 4; lastKnownFileType = sourcecode.c.h; path = SecondPerson.h; sourceTree = "<group>"; };
		C0D070271C2D578800D30D20 /* SecondPerson.m */ = {isa = PBXFileReference; fileEncoding = 4; lastKnownFileType = sourcecode.c.objc; path = SecondPerson.m; sourceTree = "<group>"; };
		C0D070291C2D738700D30D20 /* ThreePerson.h */ = {isa = PBXFileReference; fileEncoding = 4; lastKnownFileType = sourcecode.c.h; path = ThreePerson.h; sourceTree = "<group>"; };
		C0D0702A1C2D738700D30D20 /* ThreePerson.m */ = {isa = PBXFileReference; fileEncoding = 4; lastKnownFileType = sourcecode.c.objc; path = ThreePerson.m; sourceTree = "<group>"; };
/* End PBXFileReference section */

/* Begin PBXFrameworksBuildPhase section */
		C0D070061C2D557F00D30D20 /* Frameworks */ = {
			isa = PBXFrameworksBuildPhase;
			buildActionMask = 2147483647;
			files = (
			);
			runOnlyForDeploymentPostprocessing = 0;
		};
/* End PBXFrameworksBuildPhase section */

/* Begin PBXGroup section */
		C0D070001C2D557F00D30D20 = {
			isa = PBXGroup;
			children = (
				C0D0700B1C2D557F00D30D20 /* first */,
				C0D0700A1C2D557F00D30D20 /* Products */,
			);
			sourceTree = "<group>";
		};
		C0D0700A1C2D557F00D30D20 /* Products */ = {
			isa = PBXGroup;
			children = (
				C0D070091C2D557F00D30D20 /* first.app */,
			);
			name = Products;
			sourceTree = "<group>";
		};
		C0D0700B1C2D557F00D30D20 /* first */ = {
			isa = PBXGroup;
			children = (
				C0D070231C2D55EA00D30D20 /* FirstPerson.h */,
				C0D070241C2D55EA00D30D20 /* FirstPerson.m */,
				C0D0700F1C2D557F00D30D20 /* AppDelegate.h */,
				C0D070101C2D557F00D30D20 /* AppDelegate.m */,
				C0D070261C2D578800D30D20 /* SecondPerson.h */,
				C0D070271C2D578800D30D20 /* SecondPerson.m */,
				C0D070291C2D738700D30D20 /* ThreePerson.h */,
				C0D0702A1C2D738700D30D20 /* ThreePerson.m */,
				C0D070121C2D557F00D30D20 /* ViewController.h */,
				C0D070131C2D557F00D30D20 /* ViewController.m */,
				C0D070151C2D557F00D30D20 /* Main.storyboard */,
				C0D070181C2D557F00D30D20 /* Assets.xcassets */,
				C0D0701A1C2D557F00D30D20 /* LaunchScreen.storyboard */,
				C0D0701D1C2D557F00D30D20 /* Info.plist */,
				C0D0700C1C2D557F00D30D20 /* Supporting Files */,
			);
			path = first;
			sourceTree = "<group>";
		};
		C0D0700C1C2D557F00D30D20 /* Supporting Files */ = {
			isa = PBXGroup;
			children = (
				C0D0700D1C2D557F00D30D20 /* main.m */,
			);
			name = "Supporting Files";
			sourceTree = "<group>";
		};
/* End PBXGroup section */

/* Begin PBXNativeTarget section */
		C0D070081C2D557F00D30D20 /* first */ = {
			isa = PBXNativeTarget;
			buildConfigurationList = C0D070201C2D557F00D30D20 /* Build configuration list for PBXNativeTarget "first" */;
			buildPhases = (
				C0D070051C2D557F00D30D20 /* Sources */,
				C0D070061C2D557F00D30D20 /* Frameworks */,
				C0D070071C2D557F00D30D20 /* Resources */,
			);
			buildRules = (
			);
			dependencies = (
			);
			name = first;
			productName = first;
			productReference = C0D070091C2D557F00D30D20 /* first.app */;
			productType = "com.apple.product-type.application";
		};
/* End PBXNativeTarget section */

/* Begin PBXProject section */
		C0D070011C2D557F00D30D20 /* Project object */ = {
			isa = PBXProject;
			attributes = {
				LastUpgradeCheck = 0720;
				ORGANIZATIONNAME = cw;
				TargetAttributes = {
					C0D070081C2D557F00D30D20 = {
						CreatedOnToolsVersion = 7.2;
						DevelopmentTeam = 6K9K557VQC;
					};
				};
			};
			buildConfigurationList = C0D070041C2D557F00D30D20 /* Build configuration list for PBXProject "first" */;
			compatibilityVersion = "Xcode 3.2";
			developmentRegion = English;
			hasScannedForEncodings = 0;
			knownRegions = (
				en,
				Base,
			);
			mainGroup = C0D070001C2D557F00D30D20;
			productRefGroup = C0D0700A1C2D557F00D30D20 /* Products */;
			projectDirPath = "";
			projectRoot = "";
			targets = (
				C0D070081C2D557F00D30D20 /* first */,
			);
		};
/* End PBXProject section */

/* Begin PBXResourcesBuildPhase section */
		C0D070071C2D557F00D30D20 /* Resources */ = {
			isa = PBXResourcesBuildPhase;
			buildActionMask = 2147483647;
			files = (
				C0D0701C1C2D557F00D30D20 /* LaunchScreen.storyboard in Resources */,
				C0D070191C2D557F00D30D20 /* Assets.xcassets in Resources */,
				C0D070171C2D557F00D30D20 /* Main.storyboard in Resources */,
			);
			runOnlyForDeploymentPostprocessing = 0;
		};
/* End PBXResourcesBuildPhase section */

/* Begin PBXSourcesBuildPhase section */
		C0D070051C2D557F00D30D20 /* Sources */ = {
			isa = PBXSourcesBuildPhase;
			buildActionMask = 2147483647;
			files = (
				C0D070141C2D557F00D30D20 /* ViewController.m in Sources */,
				C0D0702B1C2D738700D30D20 /* ThreePerson.m in Sources */,
				C0D070111C2D557F00D30D20 /* AppDelegate.m in Sources */,
				C0D070281C2D578800D30D20 /* SecondPerson.m in Sources */,
				C0D0700E1C2D557F00D30D20 /* main.m in Sources */,
				C0D070251C2D55EA00D30D20 /* FirstPerson.m in Sources */,
			);
			runOnlyForDeploymentPostprocessing = 0;
		};
/* End PBXSourcesBuildPhase section */

/* Begin PBXVariantGroup section */
		C0D070151C2D557F00D30D20 /* Main.storyboard */ = {
			isa = PBXVariantGroup;
			children = (
				C0D070161C2D557F00D30D20 /* Base */,
			);
			name = Main.storyboard;
			sourceTree = "<group>";
		};
		C0D0701A1C2D557F00D30D20 /* LaunchScreen.storyboard */ = {
			isa = PBXVariantGroup;
			children = (
				C0D0701B1C2D557F00D30D20 /* Base */,
			);
			name = LaunchScreen.storyboard;
			sourceTree = "<group>";
		};
/* End PBXVariantGroup section */

/* Begin XCBuildConfiguration section */
		C0D0701E1C2D557F00D30D20 /* Debug */ = {
			isa = XCBuildConfiguration;
			buildSettings = {
				ALWAYS_SEARCH_USER_PATHS = NO;
				CLANG_CXX_LANGUAGE_STANDARD = "gnu++0x";
				CLANG_CXX_LIBRARY = "libc++";
				CLANG_ENABLE_MODULES = YES;
				CLANG_ENABLE_OBJC_ARC = YES;
				CLANG_WARN_BOOL_CONVERSION = YES;
				CLANG_WARN_CONSTANT_CONVERSION = YES;
				CLANG_WARN_DIRECT_OBJC_ISA_USAGE = YES_ERROR;
				CLANG_WARN_EMPTY_BODY = YES;
				CLANG_WARN_ENUM_CONVERSION = YES;
				CLANG_WARN_INT_CONVERSION = YES;
				CLANG_WARN_OBJC_ROOT_CLASS = YES_ERROR;
				CLANG_WARN_UNREACHABLE_CODE = YES;
				CLANG_WARN__DUPLICATE_METHOD_MATCH = YES;
				"CODE_SIGN_IDENTITY[sdk=iphoneos*]" = "iPhone Developer";
				COPY_PHASE_STRIP = NO;
				DEBUG_INFORMATION_FORMAT = dwarf;
				ENABLE_STRICT_OBJC_MSGSEND = YES;
				ENABLE_TESTABILITY = YES;
				GCC_C_LANGUAGE_STANDARD = gnu99;
				GCC_DYNAMIC_NO_PIC = NO;
				GCC_NO_COMMON_BLOCKS = YES;
				GCC_OPTIMIZATION_LEVEL = 0;
				GCC_PREPROCESSOR_DEFINITIONS = (
					"DEBUG=1",
					"$(inherited)",
				);
				GCC_WARN_64_TO_32_BIT_CONVERSION = YES;
				GCC_WARN_ABOUT_RETURN_TYPE = YES_ERROR;
				GCC_WARN_UNDECLARED_SELECTOR = YES;
				GCC_WARN_UNINITIALIZED_AUTOS = YES_AGGRESSIVE;
				GCC_WARN_UNUSED_FUNCTION = YES;
				GCC_WARN_UNUSED_VARIABLE = YES;
				IPHONEOS_DEPLOYMENT_TARGET = 9.2;
				MTL_ENABLE_DEBUG_INFO = YES;
				ONLY_ACTIVE_ARCH = YES;
				SDKROOT = iphoneos;
			};
			name = Debug;
		};
		C0D0701F1C2D557F00D30D20 /* Release */ = {
			isa = XCBuildConfiguration;
			buildSettings = {
				ALWAYS_SEARCH_USER_PATHS = NO;
				CLANG_CXX_LANGUAGE_STANDARD = "gnu++0x";
				CLANG_CXX_LIBRARY = "libc++";
				CLANG_ENABLE_MODULES = YES;
				CLANG_ENABLE_OBJC_ARC = YES;
				CLANG_WARN_BOOL_CONVERSION = YES;
				CLANG_WARN_CONSTANT_CONVERSION = YES;
				CLANG_WARN_DIRECT_OBJC_ISA_USAGE = YES_ERROR;
				CLANG_WARN_EMPTY_BODY = YES;
				CLANG_WARN_ENUM_CONVERSION = YES;
				CLANG_WARN_INT_CONVERSION = YES;
				CLANG_WARN_OBJC_ROOT_CLASS = YES_ERROR;
				CLANG_WARN_UNREACHABLE_CODE = YES;
				CLANG_WARN__DUPLICATE_METHOD_MATCH = YES;
				"CODE_SIGN_IDENTITY[sdk=iphoneos*]" = "iPhone Developer";
				COPY_PHASE_STRIP = NO;
				DEBUG_INFORMATION_FORMAT = "dwarf-with-dsym";
				ENABLE_NS_ASSERTIONS = NO;
				ENABLE_STRICT_OBJC_MSGSEND = YES;
				GCC_C_LANGUAGE_STANDARD = gnu99;
				GCC_NO_COMMON_BLOCKS = YES;
				GCC_WARN_64_TO_32_BIT_CONVERSION = YES;
				GCC_WARN_ABOUT_RETURN_TYPE = YES_ERROR;
				GCC_WARN_UNDECLARED_SELECTOR = YES;
				GCC_WARN_UNINITIALIZED_AUTOS = YES_AGGRESSIVE;
				GCC_WARN_UNUSED_FUNCTION = YES;
				GCC_WARN_UNUSED_VARIABLE = YES;
				IPHONEOS_DEPLOYMENT_TARGET = 9.2;
				MTL_ENABLE_DEBUG_INFO = NO;
				SDKROOT = iphoneos;
				VALIDATE_PRODUCT = YES;
			};
			name = Release;
		};
		C0D070211C2D557F00D30D20 /* Debug */ = {
			isa = XCBuildConfiguration;
			buildSettings = {
				ASSETCATALOG_COMPILER_APPICON_NAME = AppIcon;
				INFOPLIST_FILE = first/Info.plist;
				LD_RUNPATH_SEARCH_PATHS = "$(inherited) @executable_path/Frameworks";
				PRODUCT_BUNDLE_IDENTIFIER = chenwei.first;
				PRODUCT_NAME = "$(TARGET_NAME)";
			};
			name = Debug;
		};
		C0D070221C2D557F00D30D20 /* Release */ = {
			isa = XCBuildConfiguration;
			buildSettings = {
				ASSETCATALOG_COMPILER_APPICON_NAME = AppIcon;
				INFOPLIST_FILE = first/Info.plist;
				LD_RUNPATH_SEARCH_PATHS = "$(inherited) @executable_path/Frameworks";
				PRODUCT_BUNDLE_IDENTIFIER = chenwei.first;
				PRODUCT_NAME = "$(TARGET_NAME)";
			};
			name = Release;
		};
/* End XCBuildConfiguration section */

/* Begin XCConfigurationList section */
		C0D070041C2D557F00D30D20 /* Build configuration list for PBXProject "first" */ = {
			isa = XCConfigurationList;
			buildConfigurations = (
				C0D0701E1C2D557F00D30D20 /* Debug */,
				C0D0701F1C2D557F00D30D20 /* Release */,
			);
			defaultConfigurationIsVisible = 0;
			defaultConfigurationName = Release;
		};
		C0D070201C2D557F00D30D20 /* Build configuration list for PBXNativeTarget "first" */ = {
			isa = XCConfigurationList;
			buildConfigurations = (
				C0D070211C2D557F00D30D20 /* Debug */,
				C0D070221C2D557F00D30D20 /* Release */,
			);
			defaultConfigurationIsVisible = 0;
			defaultConfigurationName = Release;
		};
/* End XCConfigurationList section */
	};
	rootObject = C0D070011C2D557F00D30D20 /* Project object */;
}
